Microsoft Visual Studio Solution File, Format Version 8.00
Project("{8BC9CEB8-8B4A-11D0-8D11-00A0C91BC942}") = "Mammoview", "Mammoview.vcproj", "{4F296052-ABC8-4E5A-A40D-F0AAECCCCC2E}"
	ProjectSection(ProjectDependencies) = postProject
	EndProjectSection
EndProject
Global
	GlobalSection(SolutionConfiguration) = preSolution
		Debug = Debug
		Release = Release
	EndGlobalSection
	GlobalSection(ProjectConfiguration) = postSolution
		{4F296052-ABC8-4E5A-A40D-F0AAECCCCC2E}.Debug.ActiveCfg = Debug|Win32
		{4F296052-ABC8-4E5A-A40D-F0AAECCCCC2E}.Debug.Build.0 = Debug|Win32
		{4F296052-ABC8-4E5A-A40D-F0AAECCCCC2E}.Release.ActiveCfg = Release|Win32
		{4F296052-ABC8-4E5A-A40D-F0AAECCCCC2E}.Release.Build.0 = Release|Win32
	EndGlobalSection
	GlobalSection(SolutionItems) = postSolution
	EndGlobalSection
	GlobalSection(ExtensibilityGlobals) = postSolution
	EndGlobalSection
	GlobalSection(ExtensibilityAddIns) = postSolution
	EndGlobalSection
EndGlobal
